
Microsoft Visual Studio Solution File, Format Version 10.00
# Visual Studio 2008
Project("{FAE04EC0-301F-11D3-BF4B-00C04F79EFBC}") = "Agencia_Banco", "Agencia_Banco\Agencia_Banco.csproj", "{9CEBC50C-5892-41C9-8A5E-40D61DEAAD1E}"
EndProject
Global
	GlobalSection(SolutionConfigurationPlatforms) = preSolution
		Debug|Any CPU = Debug|Any CPU
		Release|Any CPU = Release|Any CPU
	EndGlobalSection
	GlobalSection(ProjectConfigurationPlatforms) = postSolution
		{9CEBC50C-5892-41C9-8A5E-40D61DEAAD1E}.Debug|Any CPU.ActiveCfg = Debug|Any CPU
		{9CEBC50C-5892-41C9-8A5E-40D61DEAAD1E}.Debug|Any CPU.Build.0 = Debug|Any CPU
		{9CEBC50C-5892-41C9-8A5E-40D61DEAAD1E}.Release|Any CPU.ActiveCfg = Release|Any CPU
		{9CEBC50C-5892-41C9-8A5E-40D61DEAAD1E}.Release|Any CPU.Build.0 = Release|Any CPU
	EndGlobalSection
	GlobalSection(SolutionProperties) = preSolution
		HideSolutionNode = FALSE
	EndGlobalSection
EndGlobal
