
Microsoft Visual Studio Solution File, Format Version 10.00
# Visual Studio 2008
Project("{FAE04EC0-301F-11D3-BF4B-00C04F79EFBC}") = "Atividade", "Atividade\Atividade.csproj", "{643088B9-B0BD-444F-868B-3F88DE3F575E}"
EndProject
Global
	GlobalSection(SolutionConfigurationPlatforms) = preSolution
		Debug|Any CPU = Debug|Any CPU
		Release|Any CPU = Release|Any CPU
	EndGlobalSection
	GlobalSection(ProjectConfigurationPlatforms) = postSolution
		{643088B9-B0BD-444F-868B-3F88DE3F575E}.Debug|Any CPU.ActiveCfg = Debug|Any CPU
		{643088B9-B0BD-444F-868B-3F88DE3F575E}.Debug|Any CPU.Build.0 = Debug|Any CPU
		{643088B9-B0BD-444F-868B-3F88DE3F575E}.Release|Any CPU.ActiveCfg = Release|Any CPU
		{643088B9-B0BD-444F-868B-3F88DE3F575E}.Release|Any CPU.Build.0 = Release|Any CPU
	EndGlobalSection
	GlobalSection(SolutionProperties) = preSolution
		HideSolutionNode = FALSE
	EndGlobalSection
EndGlobal
